
Microsoft Visual Studio Solution File, Format Version 12.00
# Visual Studio Version 16
VisualStudioVersion = 16.0.31624.102
MinimumVisualStudioVersion = 10.0.40219.1
Project("{9A19103F-16F7-4668-BE54-9A1E7A4F7556}") = "SecretCode1", "SecretCode1\SecretCode1.csproj", "{A23B7B7E-E8C4-4133-A831-9243442AC2A2}"
EndProject
Project("{9A19103F-16F7-4668-BE54-9A1E7A4F7556}") = "SecretCode2", "SecretCode2\SecretCode2.csproj", "{6E57A730-89CA-4C34-B23B-D523935244C2}"
EndProject
Project("{9A19103F-16F7-4668-BE54-9A1E7A4F7556}") = "SecretCode2TestProject", "SecretCode2TestProject\SecretCode2TestProject.csproj", "{8B38A70C-B512-4197-8962-40FD91A80FC9}"
EndProject
Global
	GlobalSection(SolutionConfigurationPlatforms) = preSolution
		Debug|Any CPU = Debug|Any CPU
		Release|Any CPU = Release|Any CPU
	EndGlobalSection
	GlobalSection(ProjectConfigurationPlatforms) = postSolution
		{A23B7B7E-E8C4-4133-A831-9243442AC2A2}.Debug|Any CPU.ActiveCfg = Debug|Any CPU
		{A23B7B7E-E8C4-4133-A831-9243442AC2A2}.Debug|Any CPU.Build.0 = Debug|Any CPU
		{A23B7B7E-E8C4-4133-A831-9243442AC2A2}.Release|Any CPU.ActiveCfg = Release|Any CPU
		{A23B7B7E-E8C4-4133-A831-9243442AC2A2}.Release|Any CPU.Build.0 = Release|Any CPU
		{6E57A730-89CA-4C34-B23B-D523935244C2}.Debug|Any CPU.ActiveCfg = Debug|Any CPU
		{6E57A730-89CA-4C34-B23B-D523935244C2}.Debug|Any CPU.Build.0 = Debug|Any CPU
		{6E57A730-89CA-4C34-B23B-D523935244C2}.Release|Any CPU.ActiveCfg = Release|Any CPU
		{6E57A730-89CA-4C34-B23B-D523935244C2}.Release|Any CPU.Build.0 = Release|Any CPU
		{8B38A70C-B512-4197-8962-40FD91A80FC9}.Debug|Any CPU.ActiveCfg = Debug|Any CPU
		{8B38A70C-B512-4197-8962-40FD91A80FC9}.Debug|Any CPU.Build.0 = Debug|Any CPU
		{8B38A70C-B512-4197-8962-40FD91A80FC9}.Release|Any CPU.ActiveCfg = Release|Any CPU
		{8B38A70C-B512-4197-8962-40FD91A80FC9}.Release|Any CPU.Build.0 = Release|Any CPU
	EndGlobalSection
	GlobalSection(SolutionProperties) = preSolution
		HideSolutionNode = FALSE
	EndGlobalSection
	GlobalSection(ExtensibilityGlobals) = postSolution
		SolutionGuid = {AC22EB3E-DEA2-48CC-8383-213DECE67E18}
	EndGlobalSection
EndGlobal
